
Microsoft Visual Studio Solution File, Format Version 12.00
# Visual Studio 15
VisualStudioVersion = 15.0.27130.2024
MinimumVisualStudioVersion = 10.0.40219.1
Project("{9A19103F-16F7-4668-BE54-9A1E7A4F7556}") = "XamPass", "XamPass\XamPass.csproj", "{320B5B49-7A15-4EBE-A416-719494F8BA75}"
EndProject
Project("{9A19103F-16F7-4668-BE54-9A1E7A4F7556}") = "Controller.Tests", "Controller.Tests\Controller.Tests.csproj", "{BD6E6E8A-F4EC-4313-AFA7-0C8D8CA13D30}"
EndProject
Global
	GlobalSection(SolutionConfigurationPlatforms) = preSolution
		Debug|Any CPU = Debug|Any CPU
		Release|Any CPU = Release|Any CPU
	EndGlobalSection
	GlobalSection(ProjectConfigurationPlatforms) = postSolution
		{320B5B49-7A15-4EBE-A416-719494F8BA75}.Debug|Any CPU.ActiveCfg = Debug|Any CPU
		{320B5B49-7A15-4EBE-A416-719494F8BA75}.Debug|Any CPU.Build.0 = Debug|Any CPU
		{320B5B49-7A15-4EBE-A416-719494F8BA75}.Release|Any CPU.ActiveCfg = Release|Any CPU
		{320B5B49-7A15-4EBE-A416-719494F8BA75}.Release|Any CPU.Build.0 = Release|Any CPU
		{BD6E6E8A-F4EC-4313-AFA7-0C8D8CA13D30}.Debug|Any CPU.ActiveCfg = Debug|Any CPU
		{BD6E6E8A-F4EC-4313-AFA7-0C8D8CA13D30}.Debug|Any CPU.Build.0 = Debug|Any CPU
		{BD6E6E8A-F4EC-4313-AFA7-0C8D8CA13D30}.Release|Any CPU.ActiveCfg = Release|Any CPU
		{BD6E6E8A-F4EC-4313-AFA7-0C8D8CA13D30}.Release|Any CPU.Build.0 = Release|Any CPU
	EndGlobalSection
	GlobalSection(SolutionProperties) = preSolution
		HideSolutionNode = FALSE
	EndGlobalSection
	GlobalSection(ExtensibilityGlobals) = postSolution
		SolutionGuid = {C62AE926-E933-4B6E-9D11-09F682430420}
	EndGlobalSection
EndGlobal
